
Microsoft Visual Studio Solution File, Format Version 12.00
# Visual Studio Version 17
VisualStudioVersion = 17.8.34309.116
MinimumVisualStudioVersion = 10.0.40219.1
Project("{FAE04EC0-301F-11D3-BF4B-00C04F79EFBC}") = "EDWebshop", "EDWebshop\EDWebshop.csproj", "{659DD398-50F6-42A2-87C4-ADEE89B28A9C}"
EndProject
Global
	GlobalSection(SolutionConfigurationPlatforms) = preSolution
		Debug|Any CPU = Debug|Any CPU
		Release|Any CPU = Release|Any CPU
	EndGlobalSection
	GlobalSection(ProjectConfigurationPlatforms) = postSolution
		{659DD398-50F6-42A2-87C4-ADEE89B28A9C}.Debug|Any CPU.ActiveCfg = Debug|Any CPU
		{659DD398-50F6-42A2-87C4-ADEE89B28A9C}.Debug|Any CPU.Build.0 = Debug|Any CPU
		{659DD398-50F6-42A2-87C4-ADEE89B28A9C}.Release|Any CPU.ActiveCfg = Release|Any CPU
		{659DD398-50F6-42A2-87C4-ADEE89B28A9C}.Release|Any CPU.Build.0 = Release|Any CPU
	EndGlobalSection
	GlobalSection(SolutionProperties) = preSolution
		HideSolutionNode = FALSE
	EndGlobalSection
	GlobalSection(ExtensibilityGlobals) = postSolution
		SolutionGuid = {A1B21DB8-89BD-4EA8-825F-E6C005907703}
	EndGlobalSection
EndGlobal
